// !$*UTF8*$!
{
	archiveVersion = 1;
	classes = {
	};
	objectVersion = 46;
	objects = {

/* Begin PBXBuildFile section */
		6F3789611EAC45C600FF4B35 /* main.m in Sources */ = {isa = PBXBuildFile; fileRef = 6F3789601EAC45C600FF4B35 /* main.m */; };
		6F3789641EAC45C600FF4B35 /* AppDelegate.m in Sources */ = {isa = PBXBuildFile; fileRef = 6F3789631EAC45C600FF4B35 /* AppDelegate.m */; };
		6F37896C1EAC45C600FF4B35 /* Assets.xcassets in Resources */ = {isa = PBXBuildFile; fileRef = 6F37896B1EAC45C600FF4B35 /* Assets.xcassets */; };
		6F37896F1EAC45C600FF4B35 /* LaunchScreen.storyboard in Resources */ = {isa = PBXBuildFile; fileRef = 6F37896D1EAC45C600FF4B35 /* LaunchScreen.storyboard */; };
		6F37897A1EAC45C600FF4B35 /* Task_ExplorerTests.m in Sources */ = {isa = PBXBuildFile; fileRef = 6F3789791EAC45C600FF4B35 /* Task_ExplorerTests.m */; };
		6F3789851EAC45C600FF4B35 /* Task_ExplorerUITests.m in Sources */ = {isa = PBXBuildFile; fileRef = 6F3789841EAC45C600FF4B35 /* Task_ExplorerUITests.m */; };
		6F37899B1EAC533400FF4B35 /* TELocationListViewController.m in Sources */ = {isa = PBXBuildFile; fileRef = 6F37899A1EAC533400FF4B35 /* TELocationListViewController.m */; };
		6F37899E1EAC558D00FF4B35 /* TEUITheme.m in Sources */ = {isa = PBXBuildFile; fileRef = 6F37899D1EAC558D00FF4B35 /* TEUITheme.m */; };
		6F3789A41EAC570800FF4B35 /* TELocationTableViewCell.m in Sources */ = {isa = PBXBuildFile; fileRef = 6F3789A21EAC570800FF4B35 /* TELocationTableViewCell.m */; };
		6F3789A51EAC570800FF4B35 /* TELocationTableViewCell.xib in Resources */ = {isa = PBXBuildFile; fileRef = 6F3789A31EAC570800FF4B35 /* TELocationTableViewCell.xib */; };
		6F3789A91EAC572000FF4B35 /* TEProfileTableViewCell.m in Sources */ = {isa = PBXBuildFile; fileRef = 6F3789A71EAC572000FF4B35 /* TEProfileTableViewCell.m */; };
		6F3789AA1EAC572000FF4B35 /* TEProfileTableViewCell.xib in Resources */ = {isa = PBXBuildFile; fileRef = 6F3789A81EAC572000FF4B35 /* TEProfileTableViewCell.xib */; };
		6F3789B21EAC580200FF4B35 /* TEHelper.m in Sources */ = {isa = PBXBuildFile; fileRef = 6F3789B11EAC580200FF4B35 /* TEHelper.m */; };
		6F3789B51EAC588200FF4B35 /* TELocationListLogic.m in Sources */ = {isa = PBXBuildFile; fileRef = 6F3789B41EAC588200FF4B35 /* TELocationListLogic.m */; };
		6F3789B81EAC590600FF4B35 /* TELocationDetailViewController.m in Sources */ = {isa = PBXBuildFile; fileRef = 6F3789B71EAC590600FF4B35 /* TELocationDetailViewController.m */; };
		6F3789BB1EAC591900FF4B35 /* TELocationDetailLogic.m in Sources */ = {isa = PBXBuildFile; fileRef = 6F3789BA1EAC591900FF4B35 /* TELocationDetailLogic.m */; };
		6F3789BF1EAC596E00FF4B35 /* TEJSONParser.m in Sources */ = {isa = PBXBuildFile; fileRef = 6F3789BE1EAC596E00FF4B35 /* TEJSONParser.m */; };
		6F3789C21EAC59C700FF4B35 /* TEAPIDataProvider.m in Sources */ = {isa = PBXBuildFile; fileRef = 6F3789C11EAC59C700FF4B35 /* TEAPIDataProvider.m */; };
		6F3789C41EAC5A7E00FF4B35 /* Configurations.plist in Resources */ = {isa = PBXBuildFile; fileRef = 6F3789C31EAC5A7E00FF4B35 /* Configurations.plist */; };
		6F3789C71EAC5A9500FF4B35 /* TEConfigurations.m in Sources */ = {isa = PBXBuildFile; fileRef = 6F3789C61EAC5A9500FF4B35 /* TEConfigurations.m */; };
		6F3789CA1EAC5CFF00FF4B35 /* TEBaseModel.m in Sources */ = {isa = PBXBuildFile; fileRef = 6F3789C91EAC5CFF00FF4B35 /* TEBaseModel.m */; };
		6F3789CD1EAC5D2100FF4B35 /* TELocation.m in Sources */ = {isa = PBXBuildFile; fileRef = 6F3789CC1EAC5D2100FF4B35 /* TELocation.m */; };
		6F3789D01EAC5D5B00FF4B35 /* TEProfile.m in Sources */ = {isa = PBXBuildFile; fileRef = 6F3789CF1EAC5D5B00FF4B35 /* TEProfile.m */; };
		6F3789D31EAC5D6700FF4B35 /* TETask.m in Sources */ = {isa = PBXBuildFile; fileRef = 6F3789D21EAC5D6700FF4B35 /* TETask.m */; };
		6F3789D61EAC5D7600FF4B35 /* TELocationList.m in Sources */ = {isa = PBXBuildFile; fileRef = 6F3789D51EAC5D7600FF4B35 /* TELocationList.m */; };
		6F3789D91EAC600D00FF4B35 /* TEActivity.m in Sources */ = {isa = PBXBuildFile; fileRef = 6F3789D81EAC600D00FF4B35 /* TEActivity.m */; };
		6F3789DF1EACC4DB00FF4B35 /* TEMemoryCache.m in Sources */ = {isa = PBXBuildFile; fileRef = 6F3789DE1EACC4DB00FF4B35 /* TEMemoryCache.m */; };
		6F3789E31EAD08DA00FF4B35 /* TEActivityTableViewCell.m in Sources */ = {isa = PBXBuildFile; fileRef = 6F3789E11EAD08DA00FF4B35 /* TEActivityTableViewCell.m */; };
		6F3789E41EAD08DA00FF4B35 /* TEActivityTableViewCell.xib in Resources */ = {isa = PBXBuildFile; fileRef = 6F3789E21EAD08DA00FF4B35 /* TEActivityTableViewCell.xib */; };
		6F3789E81EAD16BF00FF4B35 /* TEMapTableViewCell.m in Sources */ = {isa = PBXBuildFile; fileRef = 6F3789E61EAD16BF00FF4B35 /* TEMapTableViewCell.m */; };
		6F3789E91EAD16BF00FF4B35 /* TEMapTableViewCell.xib in Resources */ = {isa = PBXBuildFile; fileRef = 6F3789E71EAD16BF00FF4B35 /* TEMapTableViewCell.xib */; };
/* End PBXBuildFile section */

/* Begin PBXContainerItemProxy section */
		6F3789761EAC45C600FF4B35 /* PBXContainerItemProxy */ = {
			isa = PBXContainerItemProxy;
			containerPortal = 6F3789541EAC45C600FF4B35 /* Project object */;
			proxyType = 1;
			remoteGlobalIDString = 6F37895B1EAC45C600FF4B35;
			remoteInfo = "Task Explorer";
		};
		6F3789811EAC45C600FF4B35 /* PBXContainerItemProxy */ = {
			isa = PBXContainerItemProxy;
			containerPortal = 6F3789541EAC45C600FF4B35 /* Project object */;
			proxyType = 1;
			remoteGlobalIDString = 6F37895B1EAC45C600FF4B35;
			remoteInfo = "Task Explorer";
		};
/* End PBXContainerItemProxy section */

/* Begin PBXFileReference section */
		6F37895C1EAC45C600FF4B35 /* Task Explorer.app */ = {isa = PBXFileReference; explicitFileType = wrapper.application; includeInIndex = 0; path = "Task Explorer.app"; sourceTree = BUILT_PRODUCTS_DIR; };
		6F3789601EAC45C600FF4B35 /* main.m */ = {isa = PBXFileReference; lastKnownFileType = sourcecode.c.objc; path = main.m; sourceTree = "<group>"; };
		6F3789621EAC45C600FF4B35 /* AppDelegate.h */ = {isa = PBXFileReference; lastKnownFileType = sourcecode.c.h; path = AppDelegate.h; sourceTree = "<group>"; };
		6F3789631EAC45C600FF4B35 /* AppDelegate.m */ = {isa = PBXFileReference; lastKnownFileType = sourcecode.c.objc; path = AppDelegate.m; sourceTree = "<group>"; };
		6F37896B1EAC45C600FF4B35 /* Assets.xcassets */ = {isa = PBXFileReference; lastKnownFileType = folder.assetcatalog; path = Assets.xcassets; sourceTree = "<group>"; };
		6F37896E1EAC45C600FF4B35 /* Base */ = {isa = PBXFileReference; lastKnownFileType = file.storyboard; name = Base; path = Base.lproj/LaunchScreen.storyboard; sourceTree = "<group>"; };
		6F3789701EAC45C600FF4B35 /* Info.plist */ = {isa = PBXFileReference; lastKnownFileType = text.plist.xml; path = Info.plist; sourceTree = "<group>"; };
		6F3789751EAC45C600FF4B35 /* Task ExplorerTests.xctest */ = {isa = PBXFileReference; explicitFileType = wrapper.cfbundle; includeInIndex = 0; path = "Task ExplorerTests.xctest"; sourceTree = BUILT_PRODUCTS_DIR; };
		6F3789791EAC45C600FF4B35 /* Task_ExplorerTests.m */ = {isa = PBXFileReference; lastKnownFileType = sourcecode.c.objc; path = Task_ExplorerTests.m; sourceTree = "<group>"; };
		6F37897B1EAC45C600FF4B35 /* Info.plist */ = {isa = PBXFileReference; lastKnownFileType = text.plist.xml; path = Info.plist; sourceTree = "<group>"; };
		6F3789801EAC45C600FF4B35 /* Task ExplorerUITests.xctest */ = {isa = PBXFileReference; explicitFileType = wrapper.cfbundle; includeInIndex = 0; path = "Task ExplorerUITests.xctest"; sourceTree = BUILT_PRODUCTS_DIR; };
		6F3789841EAC45C600FF4B35 /* Task_ExplorerUITests.m */ = {isa = PBXFileReference; lastKnownFileType = sourcecode.c.objc; path = Task_ExplorerUITests.m; sourceTree = "<group>"; };
		6F3789861EAC45C600FF4B35 /* Info.plist */ = {isa = PBXFileReference; lastKnownFileType = text.plist.xml; path = Info.plist; sourceTree = "<group>"; };
		6F3789991EAC533400FF4B35 /* TELocationListViewController.h */ = {isa = PBXFileReference; fileEncoding = 4; lastKnownFileType = sourcecode.c.h; path = TELocationListViewController.h; sourceTree = "<group>"; };
		6F37899A1EAC533400FF4B35 /* TELocationListViewController.m */ = {isa = PBXFileReference; fileEncoding = 4; lastKnownFileType = sourcecode.c.objc; path = TELocationListViewController.m; sourceTree = "<group>"; };
		6F37899C1EAC558D00FF4B35 /* TEUITheme.h */ = {isa = PBXFileReference; fileEncoding = 4; lastKnownFileType = sourcecode.c.h; path = TEUITheme.h; sourceTree = "<group>"; };
		6F37899D1EAC558D00FF4B35 /* TEUITheme.m */ = {isa = PBXFileReference; fileEncoding = 4; lastKnownFileType = sourcecode.c.objc; path = TEUITheme.m; sourceTree = "<group>"; };
		6F3789A11EAC570800FF4B35 /* TELocationTableViewCell.h */ = {isa = PBXFileReference; fileEncoding = 4; lastKnownFileType = sourcecode.c.h; path = TELocationTableViewCell.h; sourceTree = "<group>"; };
		6F3789A21EAC570800FF4B35 /* TELocationTableViewCell.m */ = {isa = PBXFileReference; fileEncoding = 4; lastKnownFileType = sourcecode.c.objc; path = TELocationTableViewCell.m; sourceTree = "<group>"; };
		6F3789A31EAC570800FF4B35 /* TELocationTableViewCell.xib */ = {isa = PBXFileReference; fileEncoding = 4; lastKnownFileType = file.xib; path = TELocationTableViewCell.xib; sourceTree = "<group>"; };
		6F3789A61EAC572000FF4B35 /* TEProfileTableViewCell.h */ = {isa = PBXFileReference; fileEncoding = 4; lastKnownFileType = sourcecode.c.h; path = TEProfileTableViewCell.h; sourceTree = "<group>"; };
		6F3789A71EAC572000FF4B35 /* TEProfileTableViewCell.m */ = {isa = PBXFileReference; fileEncoding = 4; lastKnownFileType = sourcecode.c.objc; path = TEProfileTableViewCell.m; sourceTree = "<group>"; };
		6F3789A81EAC572000FF4B35 /* TEProfileTableViewCell.xib */ = {isa = PBXFileReference; fileEncoding = 4; lastKnownFileType = file.xib; path = TEProfileTableViewCell.xib; sourceTree = "<group>"; };
		6F3789B01EAC580200FF4B35 /* TEHelper.h */ = {isa = PBXFileReference; fileEncoding = 4; lastKnownFileType = sourcecode.c.h; path = TEHelper.h; sourceTree = "<group>"; };
		6F3789B11EAC580200FF4B35 /* TEHelper.m */ = {isa = PBXFileReference; fileEncoding = 4; lastKnownFileType = sourcecode.c.objc; path = TEHelper.m; sourceTree = "<group>"; };
		6F3789B31EAC588200FF4B35 /* TELocationListLogic.h */ = {isa = PBXFileReference; fileEncoding = 4; lastKnownFileType = sourcecode.c.h; path = TELocationListLogic.h; sourceTree = "<group>"; };
		6F3789B41EAC588200FF4B35 /* TELocationListLogic.m */ = {isa = PBXFileReference; fileEncoding = 4; lastKnownFileType = sourcecode.c.objc; path = TELocationListLogic.m; sourceTree = "<group>"; };
		6F3789B61EAC590600FF4B35 /* TELocationDetailViewController.h */ = {isa = PBXFileReference; fileEncoding = 4; lastKnownFileType = sourcecode.c.h; path = TELocationDetailViewController.h; sourceTree = "<group>"; };
		6F3789B71EAC590600FF4B35 /* TELocationDetailViewController.m */ = {isa = PBXFileReference; fileEncoding = 4; lastKnownFileType = sourcecode.c.objc; path = TELocationDetailViewController.m; sourceTree = "<group>"; };
		6F3789B91EAC591900FF4B35 /* TELocationDetailLogic.h */ = {isa = PBXFileReference; fileEncoding = 4; lastKnownFileType = sourcecode.c.h; path = TELocationDetailLogic.h; sourceTree = "<group>"; };
		6F3789BA1EAC591900FF4B35 /* TELocationDetailLogic.m */ = {isa = PBXFileReference; fileEncoding = 4; lastKnownFileType = sourcecode.c.objc; path = TELocationDetailLogic.m; sourceTree = "<group>"; };
		6F3789BC1EAC595000FF4B35 /* TEDataToObjectParser.h */ = {isa = PBXFileReference; fileEncoding = 4; lastKnownFileType = sourcecode.c.h; path = TEDataToObjectParser.h; sourceTree = "<group>"; };
		6F3789BD1EAC596E00FF4B35 /* TEJSONParser.h */ = {isa = PBXFileReference; fileEncoding = 4; lastKnownFileType = sourcecode.c.h; path = TEJSONParser.h; sourceTree = "<group>"; };
		6F3789BE1EAC596E00FF4B35 /* TEJSONParser.m */ = {isa = PBXFileReference; fileEncoding = 4; lastKnownFileType = sourcecode.c.objc; path = TEJSONParser.m; sourceTree = "<group>"; };
		6F3789C01EAC59C700FF4B35 /* TEAPIDataProvider.h */ = {isa = PBXFileReference; fileEncoding = 4; lastKnownFileType = sourcecode.c.h; path = TEAPIDataProvider.h; sourceTree = "<group>"; };
		6F3789C11EAC59C700FF4B35 /* TEAPIDataProvider.m */ = {isa = PBXFileReference; fileEncoding = 4; lastKnownFileType = sourcecode.c.objc; path = TEAPIDataProvider.m; sourceTree = "<group>"; };
		6F3789C31EAC5A7E00FF4B35 /* Configurations.plist */ = {isa = PBXFileReference; fileEncoding = 4; lastKnownFileType = text.plist.xml; path = Configurations.plist; sourceTree = "<group>"; };
		6F3789C51EAC5A9500FF4B35 /* TEConfigurations.h */ = {isa = PBXFileReference; fileEncoding = 4; lastKnownFileType = sourcecode.c.h; path = TEConfigurations.h; sourceTree = "<group>"; };
		6F3789C61EAC5A9500FF4B35 /* TEConfigurations.m */ = {isa = PBXFileReference; fileEncoding = 4; lastKnownFileType = sourcecode.c.objc; path = TEConfigurations.m; sourceTree = "<group>"; };
		6F3789C81EAC5CFF00FF4B35 /* TEBaseModel.h */ = {isa = PBXFileReference; fileEncoding = 4; lastKnownFileType = sourcecode.c.h; path = TEBaseModel.h; sourceTree = "<group>"; };
		6F3789C91EAC5CFF00FF4B35 /* TEBaseModel.m */ = {isa = PBXFileReference; fileEncoding = 4; lastKnownFileType = sourcecode.c.objc; path = TEBaseModel.m; sourceTree = "<group>"; };
		6F3789CB1EAC5D2100FF4B35 /* TELocation.h */ = {isa = PBXFileReference; fileEncoding = 4; lastKnownFileType = sourcecode.c.h; path = TELocation.h; sourceTree = "<group>"; };
		6F3789CC1EAC5D2100FF4B35 /* TELocation.m */ = {isa = PBXFileReference; fileEncoding = 4; lastKnownFileType = sourcecode.c.objc; path = TELocation.m; sourceTree = "<group>"; };
		6F3789CE1EAC5D5B00FF4B35 /* TEProfile.h */ = {isa = PBXFileReference; fileEncoding = 4; lastKnownFileType = sourcecode.c.h; path = TEProfile.h; sourceTree = "<group>"; };
		6F3789CF1EAC5D5B00FF4B35 /* TEProfile.m */ = {isa = PBXFileReference; fileEncoding = 4; lastKnownFileType = sourcecode.c.objc; path = TEProfile.m; sourceTree = "<group>"; };
		6F3789D11EAC5D6700FF4B35 /* TETask.h */ = {isa = PBXFileReference; fileEncoding = 4; lastKnownFileType = sourcecode.c.h; path = TETask.h; sourceTree = "<group>"; };
		6F3789D21EAC5D6700FF4B35 /* TETask.m */ = {isa = PBXFileReference; fileEncoding = 4; lastKnownFileType = sourcecode.c.objc; path = TETask.m; sourceTree = "<group>"; };
		6F3789D41EAC5D7600FF4B35 /* TELocationList.h */ = {isa = PBXFileReference; fileEncoding = 4; lastKnownFileType = sourcecode.c.h; path = TELocationList.h; sourceTree = "<group>"; };
		6F3789D51EAC5D7600FF4B35 /* TELocationList.m */ = {isa = PBXFileReference; fileEncoding = 4; lastKnownFileType = sourcecode.c.objc; path = TELocationList.m; sourceTree = "<group>"; };
		6F3789D71EAC600D00FF4B35 /* TEActivity.h */ = {isa = PBXFileReference; fileEncoding = 4; lastKnownFileType = sourcecode.c.h; path = TEActivity.h; sourceTree = "<group>"; };
		6F3789D81EAC600D00FF4B35 /* TEActivity.m */ = {isa = PBXFileReference; fileEncoding = 4; lastKnownFileType = sourcecode.c.objc; path = TEActivity.m; sourceTree = "<group>"; };
		6F3789DA1EACC1EC00FF4B35 /* TEImageProvider.h */ = {isa = PBXFileReference; fileEncoding = 4; lastKnownFileType = sourcecode.c.h; path = TEImageProvider.h; sourceTree = "<group>"; };
		6F3789DB1EACC25F00FF4B35 /* TEDataProvider.h */ = {isa = PBXFileReference; fileEncoding = 4; lastKnownFileType = sourcecode.c.h; path = TEDataProvider.h; sourceTree = "<group>"; };
		6F3789DC1EACC4BE00FF4B35 /* TEObjectCache.h */ = {isa = PBXFileReference; fileEncoding = 4; lastKnownFileType = sourcecode.c.h; path = TEObjectCache.h; sourceTree = "<group>"; };
		6F3789DD1EACC4DB00FF4B35 /* TEMemoryCache.h */ = {isa = PBXFileReference; fileEncoding = 4; lastKnownFileType = sourcecode.c.h; path = TEMemoryCache.h; sourceTree = "<group>"; };
		6F3789DE1EACC4DB00FF4B35 /* TEMemoryCache.m */ = {isa = PBXFileReference; fileEncoding = 4; lastKnownFileType = sourcecode.c.objc; path = TEMemoryCache.m; sourceTree = "<group>"; };
		6F3789E01EAD08DA00FF4B35 /* TEActivityTableViewCell.h */ = {isa = PBXFileReference; fileEncoding = 4; lastKnownFileType = sourcecode.c.h; path = TEActivityTableViewCell.h; sourceTree = "<group>"; };
		6F3789E11EAD08DA00FF4B35 /* TEActivityTableViewCell.m */ = {isa = PBXFileReference; fileEncoding = 4; lastKnownFileType = sourcecode.c.objc; path = TEActivityTableViewCell.m; sourceTree = "<group>"; };
		6F3789E21EAD08DA00FF4B35 /* TEActivityTableViewCell.xib */ = {isa = PBXFileReference; fileEncoding = 4; lastKnownFileType = file.xib; path = TEActivityTableViewCell.xib; sourceTree = "<group>"; };
		6F3789E51EAD16BF00FF4B35 /* TEMapTableViewCell.h */ = {isa = PBXFileReference; fileEncoding = 4; lastKnownFileType = sourcecode.c.h; path = TEMapTableViewCell.h; sourceTree = "<group>"; };
		6F3789E61EAD16BF00FF4B35 /* TEMapTableViewCell.m */ = {isa = PBXFileReference; fileEncoding = 4; lastKnownFileType = sourcecode.c.objc; path = TEMapTableViewCell.m; sourceTree = "<group>"; };
		6F3789E71EAD16BF00FF4B35 /* TEMapTableViewCell.xib */ = {isa = PBXFileReference; fileEncoding = 4; lastKnownFileType = file.xib; path = TEMapTableViewCell.xib; sourceTree = "<group>"; };
/* End PBXFileReference section */

/* Begin PBXFrameworksBuildPhase section */
		6F3789591EAC45C600FF4B35 /* Frameworks */ = {
			isa = PBXFrameworksBuildPhase;
			buildActionMask = 2147483647;
			files = (
			);
			runOnlyForDeploymentPostprocessing = 0;
		};
		6F3789721EAC45C600FF4B35 /* Frameworks */ = {
			isa = PBXFrameworksBuildPhase;
			buildActionMask = 2147483647;
			files = (
			);
			runOnlyForDeploymentPostprocessing = 0;
		};
		6F37897D1EAC45C600FF4B35 /* Frameworks */ = {
			isa = PBXFrameworksBuildPhase;
			buildActionMask = 2147483647;
			files = (
			);
			runOnlyForDeploymentPostprocessing = 0;
		};
/* End PBXFrameworksBuildPhase section */

/* Begin PBXGroup section */
		6F3789531EAC45C600FF4B35 = {
			isa = PBXGroup;
			children = (
				6F37895E1EAC45C600FF4B35 /* Task Explorer */,
				6F3789781EAC45C600FF4B35 /* Task ExplorerTests */,
				6F3789831EAC45C600FF4B35 /* Task ExplorerUITests */,
				6F37895D1EAC45C600FF4B35 /* Products */,
			);
			sourceTree = "<group>";
		};
		6F37895D1EAC45C600FF4B35 /* Products */ = {
			isa = PBXGroup;
			children = (
				6F37895C1EAC45C600FF4B35 /* Task Explorer.app */,
				6F3789751EAC45C600FF4B35 /* Task ExplorerTests.xctest */,
				6F3789801EAC45C600FF4B35 /* Task ExplorerUITests.xctest */,
			);
			name = Products;
			sourceTree = "<group>";
		};
		6F37895E1EAC45C600FF4B35 /* Task Explorer */ = {
			isa = PBXGroup;
			children = (
				6F3789921EAC524800FF4B35 /* Controllers */,
				6F3789941EAC524800FF4B35 /* Helpers */,
				6F3789951EAC524800FF4B35 /* Models */,
				6F3789961EAC524800FF4B35 /* Services */,
				6F3789971EAC524800FF4B35 /* Settings */,
				6F3789981EAC524800FF4B35 /* Views */,
				6F3789621EAC45C600FF4B35 /* AppDelegate.h */,
				6F3789631EAC45C600FF4B35 /* AppDelegate.m */,
				6F37896B1EAC45C600FF4B35 /* Assets.xcassets */,
				6F37896D1EAC45C600FF4B35 /* LaunchScreen.storyboard */,
				6F3789701EAC45C600FF4B35 /* Info.plist */,
				6F37895F1EAC45C600FF4B35 /* Supporting Files */,
			);
			path = "Task Explorer";
			sourceTree = "<group>";
		};
		6F37895F1EAC45C600FF4B35 /* Supporting Files */ = {
			isa = PBXGroup;
			children = (
				6F3789601EAC45C600FF4B35 /* main.m */,
			);
			name = "Supporting Files";
			sourceTree = "<group>";
		};
		6F3789781EAC45C600FF4B35 /* Task ExplorerTests */ = {
			isa = PBXGroup;
			children = (
				6F3789791EAC45C600FF4B35 /* Task_ExplorerTests.m */,
				6F37897B1EAC45C600FF4B35 /* Info.plist */,
			);
			path = "Task ExplorerTests";
			sourceTree = "<group>";
		};
		6F3789831EAC45C600FF4B35 /* Task ExplorerUITests */ = {
			isa = PBXGroup;
			children = (
				6F3789841EAC45C600FF4B35 /* Task_ExplorerUITests.m */,
				6F3789861EAC45C600FF4B35 /* Info.plist */,
			);
			path = "Task ExplorerUITests";
			sourceTree = "<group>";
		};
		6F3789921EAC524800FF4B35 /* Controllers */ = {
			isa = PBXGroup;
			children = (
				6F3789931EAC524800FF4B35 /* Locations */,
			);
			path = Controllers;
			sourceTree = "<group>";
		};
		6F3789931EAC524800FF4B35 /* Locations */ = {
			isa = PBXGroup;
			children = (
				6F3789991EAC533400FF4B35 /* TELocationListViewController.h */,
				6F37899A1EAC533400FF4B35 /* TELocationListViewController.m */,
				6F3789B31EAC588200FF4B35 /* TELocationListLogic.h */,
				6F3789B41EAC588200FF4B35 /* TELocationListLogic.m */,
				6F3789B61EAC590600FF4B35 /* TELocationDetailViewController.h */,
				6F3789B71EAC590600FF4B35 /* TELocationDetailViewController.m */,
				6F3789B91EAC591900FF4B35 /* TELocationDetailLogic.h */,
				6F3789BA1EAC591900FF4B35 /* TELocationDetailLogic.m */,
			);
			path = Locations;
			sourceTree = "<group>";
		};
		6F3789941EAC524800FF4B35 /* Helpers */ = {
			isa = PBXGroup;
			children = (
				6F37899C1EAC558D00FF4B35 /* TEUITheme.h */,
				6F37899D1EAC558D00FF4B35 /* TEUITheme.m */,
				6F3789B01EAC580200FF4B35 /* TEHelper.h */,
				6F3789B11EAC580200FF4B35 /* TEHelper.m */,
			);
			path = Helpers;
			sourceTree = "<group>";
		};
		6F3789951EAC524800FF4B35 /* Models */ = {
			isa = PBXGroup;
			children = (
				6F3789C81EAC5CFF00FF4B35 /* TEBaseModel.h */,
				6F3789C91EAC5CFF00FF4B35 /* TEBaseModel.m */,
				6F3789CB1EAC5D2100FF4B35 /* TELocation.h */,
				6F3789CC1EAC5D2100FF4B35 /* TELocation.m */,
				6F3789CE1EAC5D5B00FF4B35 /* TEProfile.h */,
				6F3789CF1EAC5D5B00FF4B35 /* TEProfile.m */,
				6F3789D11EAC5D6700FF4B35 /* TETask.h */,
				6F3789D21EAC5D6700FF4B35 /* TETask.m */,
				6F3789D41EAC5D7600FF4B35 /* TELocationList.h */,
				6F3789D51EAC5D7600FF4B35 /* TELocationList.m */,
				6F3789D71EAC600D00FF4B35 /* TEActivity.h */,
				6F3789D81EAC600D00FF4B35 /* TEActivity.m */,
			);
			path = Models;
			sourceTree = "<group>";
		};
		6F3789961EAC524800FF4B35 /* Services */ = {
			isa = PBXGroup;
			children = (
				6F37899F1EAC56E100FF4B35 /* DataParser */,
				6F3789A01EAC56E100FF4B35 /* DataProvider */,
			);
			path = Services;
			sourceTree = "<group>";
		};
		6F3789971EAC524800FF4B35 /* Settings */ = {
			isa = PBXGroup;
			children = (
				6F3789C31EAC5A7E00FF4B35 /* Configurations.plist */,
				6F3789C51EAC5A9500FF4B35 /* TEConfigurations.h */,
				6F3789C61EAC5A9500FF4B35 /* TEConfigurations.m */,
			);
			path = Settings;
			sourceTree = "<group>";
		};
		6F3789981EAC524800FF4B35 /* Views */ = {
			isa = PBXGroup;
			children = (
				6F3789A11EAC570800FF4B35 /* TELocationTableViewCell.h */,
				6F3789A21EAC570800FF4B35 /* TELocationTableViewCell.m */,
				6F3789A31EAC570800FF4B35 /* TELocationTableViewCell.xib */,
				6F3789A61EAC572000FF4B35 /* TEProfileTableViewCell.h */,
				6F3789A71EAC572000FF4B35 /* TEProfileTableViewCell.m */,
				6F3789A81EAC572000FF4B35 /* TEProfileTableViewCell.xib */,
				6F3789E01EAD08DA00FF4B35 /* TEActivityTableViewCell.h */,
				6F3789E11EAD08DA00FF4B35 /* TEActivityTableViewCell.m */,
				6F3789E21EAD08DA00FF4B35 /* TEActivityTableViewCell.xib */,
				6F3789E51EAD16BF00FF4B35 /* TEMapTableViewCell.h */,
				6F3789E61EAD16BF00FF4B35 /* TEMapTableViewCell.m */,
				6F3789E71EAD16BF00FF4B35 /* TEMapTableViewCell.xib */,
			);
			path = Views;
			sourceTree = "<group>";
		};
		6F37899F1EAC56E100FF4B35 /* DataParser */ = {
			isa = PBXGroup;
			children = (
				6F3789BC1EAC595000FF4B35 /* TEDataToObjectParser.h */,
				6F3789BD1EAC596E00FF4B35 /* TEJSONParser.h */,
				6F3789BE1EAC596E00FF4B35 /* TEJSONParser.m */,
			);
			path = DataParser;
			sourceTree = "<group>";
		};
		6F3789A01EAC56E100FF4B35 /* DataProvider */ = {
			isa = PBXGroup;
			children = (
				6F3789C01EAC59C700FF4B35 /* TEAPIDataProvider.h */,
				6F3789C11EAC59C700FF4B35 /* TEAPIDataProvider.m */,
				6F3789DA1EACC1EC00FF4B35 /* TEImageProvider.h */,
				6F3789DB1EACC25F00FF4B35 /* TEDataProvider.h */,
				6F3789DC1EACC4BE00FF4B35 /* TEObjectCache.h */,
				6F3789DD1EACC4DB00FF4B35 /* TEMemoryCache.h */,
				6F3789DE1EACC4DB00FF4B35 /* TEMemoryCache.m */,
			);
			path = DataProvider;
			sourceTree = "<group>";
		};
/* End PBXGroup section */

/* Begin PBXNativeTarget section */
		6F37895B1EAC45C600FF4B35 /* Task Explorer */ = {
			isa = PBXNativeTarget;
			buildConfigurationList = 6F3789891EAC45C600FF4B35 /* Build configuration list for PBXNativeTarget "Task Explorer" */;
			buildPhases = (
				6F3789581EAC45C600FF4B35 /* Sources */,
				6F3789591EAC45C600FF4B35 /* Frameworks */,
				6F37895A1EAC45C600FF4B35 /* Resources */,
			);
			buildRules = (
			);
			dependencies = (
			);
			name = "Task Explorer";
			productName = "Task Explorer";
			productReference = 6F37895C1EAC45C600FF4B35 /* Task Explorer.app */;
			productType = "com.apple.product-type.application";
		};
		6F3789741EAC45C600FF4B35 /* Task ExplorerTests */ = {
			isa = PBXNativeTarget;
			buildConfigurationList = 6F37898C1EAC45C600FF4B35 /* Build configuration list for PBXNativeTarget "Task ExplorerTests" */;
			buildPhases = (
				6F3789711EAC45C600FF4B35 /* Sources */,
				6F3789721EAC45C600FF4B35 /* Frameworks */,
				6F3789731EAC45C600FF4B35 /* Resources */,
			);
			buildRules = (
			);
			dependencies = (
				6F3789771EAC45C600FF4B35 /* PBXTargetDependency */,
			);
			name = "Task ExplorerTests";
			productName = "Task ExplorerTests";
			productReference = 6F3789751EAC45C600FF4B35 /* Task ExplorerTests.xctest */;
			productType = "com.apple.product-type.bundle.unit-test";
		};
		6F37897F1EAC45C600FF4B35 /* Task ExplorerUITests */ = {
			isa = PBXNativeTarget;
			buildConfigurationList = 6F37898F1EAC45C600FF4B35 /* Build configuration list for PBXNativeTarget "Task ExplorerUITests" */;
			buildPhases = (
				6F37897C1EAC45C600FF4B35 /* Sources */,
				6F37897D1EAC45C600FF4B35 /* Frameworks */,
				6F37897E1EAC45C600FF4B35 /* Resources */,
			);
			buildRules = (
			);
			dependencies = (
				6F3789821EAC45C600FF4B35 /* PBXTargetDependency */,
			);
			name = "Task ExplorerUITests";
			productName = "Task ExplorerUITests";
			productReference = 6F3789801EAC45C600FF4B35 /* Task ExplorerUITests.xctest */;
			productType = "com.apple.product-type.bundle.ui-testing";
		};
/* End PBXNativeTarget section */

/* Begin PBXProject section */
		6F3789541EAC45C600FF4B35 /* Project object */ = {
			isa = PBXProject;
			attributes = {
				LastUpgradeCheck = 0830;
				ORGANIZATIONNAME = "Hinh Tinh Thach";
				TargetAttributes = {
					6F37895B1EAC45C600FF4B35 = {
						CreatedOnToolsVersion = 8.3.2;
						ProvisioningStyle = Automatic;
					};
					6F3789741EAC45C600FF4B35 = {
						CreatedOnToolsVersion = 8.3.2;
						ProvisioningStyle = Automatic;
						TestTargetID = 6F37895B1EAC45C600FF4B35;
					};
					6F37897F1EAC45C600FF4B35 = {
						CreatedOnToolsVersion = 8.3.2;
						ProvisioningStyle = Automatic;
						TestTargetID = 6F37895B1EAC45C600FF4B35;
					};
				};
			};
			buildConfigurationList = 6F3789571EAC45C600FF4B35 /* Build configuration list for PBXProject "Task Explorer" */;
			compatibilityVersion = "Xcode 3.2";
			developmentRegion = English;
			hasScannedForEncodings = 0;
			knownRegions = (
				en,
				Base,
			);
			mainGroup = 6F3789531EAC45C600FF4B35;
			productRefGroup = 6F37895D1EAC45C600FF4B35 /* Products */;
			projectDirPath = "";
			projectRoot = "";
			targets = (
				6F37895B1EAC45C600FF4B35 /* Task Explorer */,
				6F3789741EAC45C600FF4B35 /* Task ExplorerTests */,
				6F37897F1EAC45C600FF4B35 /* Task ExplorerUITests */,
			);
		};
/* End PBXProject section */

/* Begin PBXResourcesBuildPhase section */
		6F37895A1EAC45C600FF4B35 /* Resources */ = {
			isa = PBXResourcesBuildPhase;
			buildActionMask = 2147483647;
			files = (
				6F3789AA1EAC572000FF4B35 /* TEProfileTableViewCell.xib in Resources */,
				6F3789E41EAD08DA00FF4B35 /* TEActivityTableViewCell.xib in Resources */,
				6F3789C41EAC5A7E00FF4B35 /* Configurations.plist in Resources */,
				6F37896F1EAC45C600FF4B35 /* LaunchScreen.storyboard in Resources */,
				6F37896C1EAC45C600FF4B35 /* Assets.xcassets in Resources */,
				6F3789A51EAC570800FF4B35 /* TELocationTableViewCell.xib in Resources */,
				6F3789E91EAD16BF00FF4B35 /* TEMapTableViewCell.xib in Resources */,
			);
			runOnlyForDeploymentPostprocessing = 0;
		};
		6F3789731EAC45C600FF4B35 /* Resources */ = {
			isa = PBXResourcesBuildPhase;
			buildActionMask = 2147483647;
			files = (
			);
			runOnlyForDeploymentPostprocessing = 0;
		};
		6F37897E1EAC45C600FF4B35 /* Resources */ = {
			isa = PBXResourcesBuildPhase;
			buildActionMask = 2147483647;
			files = (
			);
			runOnlyForDeploymentPostprocessing = 0;
		};
/* End PBXResourcesBuildPhase section */

/* Begin PBXSourcesBuildPhase section */
		6F3789581EAC45C600FF4B35 /* Sources */ = {
			isa = PBXSourcesBuildPhase;
			buildActionMask = 2147483647;
			files = (
				6F3789A41EAC570800FF4B35 /* TELocationTableViewCell.m in Sources */,
				6F3789B51EAC588200FF4B35 /* TELocationListLogic.m in Sources */,
				6F37899E1EAC558D00FF4B35 /* TEUITheme.m in Sources */,
				6F3789641EAC45C600FF4B35 /* AppDelegate.m in Sources */,
				6F3789BB1EAC591900FF4B35 /* TELocationDetailLogic.m in Sources */,
				6F3789E31EAD08DA00FF4B35 /* TEActivityTableViewCell.m in Sources */,
				6F3789C71EAC5A9500FF4B35 /* TEConfigurations.m in Sources */,
				6F3789B81EAC590600FF4B35 /* TELocationDetailViewController.m in Sources */,
				6F3789D31EAC5D6700FF4B35 /* TETask.m in Sources */,
				6F37899B1EAC533400FF4B35 /* TELocationListViewController.m in Sources */,
				6F3789DF1EACC4DB00FF4B35 /* TEMemoryCache.m in Sources */,
				6F3789CD1EAC5D2100FF4B35 /* TELocation.m in Sources */,
				6F3789A91EAC572000FF4B35 /* TEProfileTableViewCell.m in Sources */,
				6F3789B21EAC580200FF4B35 /* TEHelper.m in Sources */,
				6F3789D01EAC5D5B00FF4B35 /* TEProfile.m in Sources */,
				6F3789E81EAD16BF00FF4B35 /* TEMapTableViewCell.m in Sources */,
				6F3789CA1EAC5CFF00FF4B35 /* TEBaseModel.m in Sources */,
				6F3789C21EAC59C700FF4B35 /* TEAPIDataProvider.m in Sources */,
				6F3789611EAC45C600FF4B35 /* main.m in Sources */,
				6F3789D91EAC600D00FF4B35 /* TEActivity.m in Sources */,
				6F3789D61EAC5D7600FF4B35 /* TELocationList.m in Sources */,
				6F3789BF1EAC596E00FF4B35 /* TEJSONParser.m in Sources */,
			);
			runOnlyForDeploymentPostprocessing = 0;
		};
		6F3789711EAC45C600FF4B35 /* Sources */ = {
			isa = PBXSourcesBuildPhase;
			buildActionMask = 2147483647;
			files = (
				6F37897A1EAC45C600FF4B35 /* Task_ExplorerTests.m in Sources */,
			);
			runOnlyForDeploymentPostprocessing = 0;
		};
		6F37897C1EAC45C600FF4B35 /* Sources */ = {
			isa = PBXSourcesBuildPhase;
			buildActionMask = 2147483647;
			files = (
				6F3789851EAC45C600FF4B35 /* Task_ExplorerUITests.m in Sources */,
			);
			runOnlyForDeploymentPostprocessing = 0;
		};
/* End PBXSourcesBuildPhase section */

/* Begin PBXTargetDependency section */
		6F3789771EAC45C600FF4B35 /* PBXTargetDependency */ = {
			isa = PBXTargetDependency;
			target = 6F37895B1EAC45C600FF4B35 /* Task Explorer */;
			targetProxy = 6F3789761EAC45C600FF4B35 /* PBXContainerItemProxy */;
		};
		6F3789821EAC45C600FF4B35 /* PBXTargetDependency */ = {
			isa = PBXTargetDependency;
			target = 6F37895B1EAC45C600FF4B35 /* Task Explorer */;
			targetProxy = 6F3789811EAC45C600FF4B35 /* PBXContainerItemProxy */;
		};
/* End PBXTargetDependency section */

/* Begin PBXVariantGroup section */
		6F37896D1EAC45C600FF4B35 /* LaunchScreen.storyboard */ = {
			isa = PBXVariantGroup;
			children = (
				6F37896E1EAC45C600FF4B35 /* Base */,
			);
			name = LaunchScreen.storyboard;
			sourceTree = "<group>";
		};
/* End PBXVariantGroup section */

/* Begin XCBuildConfiguration section */
		6F3789871EAC45C600FF4B35 /* Debug */ = {
			isa = XCBuildConfiguration;
			buildSettings = {
				ALWAYS_SEARCH_USER_PATHS = NO;
				CLANG_ANALYZER_NONNULL = YES;
				CLANG_ANALYZER_NUMBER_OBJECT_CONVERSION = YES_AGGRESSIVE;
				CLANG_CXX_LANGUAGE_STANDARD = "gnu++0x";
				CLANG_CXX_LIBRARY = "libc++";
				CLANG_ENABLE_MODULES = YES;
				CLANG_ENABLE_OBJC_ARC = YES;
				CLANG_WARN_BOOL_CONVERSION = YES;
				CLANG_WARN_CONSTANT_CONVERSION = YES;
				CLANG_WARN_DIRECT_OBJC_ISA_USAGE = YES_ERROR;
				CLANG_WARN_DOCUMENTATION_COMMENTS = YES;
				CLANG_WARN_EMPTY_BODY = YES;
				CLANG_WARN_ENUM_CONVERSION = YES;
				CLANG_WARN_INFINITE_RECURSION = YES;
				CLANG_WARN_INT_CONVERSION = YES;
				CLANG_WARN_OBJC_ROOT_CLASS = YES_ERROR;
				CLANG_WARN_SUSPICIOUS_MOVE = YES;
				CLANG_WARN_UNREACHABLE_CODE = YES;
				CLANG_WARN__DUPLICATE_METHOD_MATCH = YES;
				"CODE_SIGN_IDENTITY[sdk=iphoneos*]" = "iPhone Developer";
				COPY_PHASE_STRIP = NO;
				DEBUG_INFORMATION_FORMAT = dwarf;
				ENABLE_STRICT_OBJC_MSGSEND = YES;
				ENABLE_TESTABILITY = YES;
				GCC_C_LANGUAGE_STANDARD = gnu99;
				GCC_DYNAMIC_NO_PIC = NO;
				GCC_NO_COMMON_BLOCKS = YES;
				GCC_OPTIMIZATION_LEVEL = 0;
				GCC_PREPROCESSOR_DEFINITIONS = (
					"DEBUG=1",
					"$(inherited)",
				);
				GCC_WARN_64_TO_32_BIT_CONVERSION = YES;
				GCC_WARN_ABOUT_RETURN_TYPE = YES_ERROR;
				GCC_WARN_UNDECLARED_SELECTOR = YES;
				GCC_WARN_UNINITIALIZED_AUTOS = YES_AGGRESSIVE;
				GCC_WARN_UNUSED_FUNCTION = YES;
				GCC_WARN_UNUSED_VARIABLE = YES;
				IPHONEOS_DEPLOYMENT_TARGET = 10.3;
				MTL_ENABLE_DEBUG_INFO = YES;
				ONLY_ACTIVE_ARCH = YES;
				SDKROOT = iphoneos;
				TARGETED_DEVICE_FAMILY = "1,2";
			};
			name = Debug;
		};
		6F3789881EAC45C600FF4B35 /* Release */ = {
			isa = XCBuildConfiguration;
			buildSettings = {
				ALWAYS_SEARCH_USER_PATHS = NO;
				CLANG_ANALYZER_NONNULL = YES;
				CLANG_ANALYZER_NUMBER_OBJECT_CONVERSION = YES_AGGRESSIVE;
				CLANG_CXX_LANGUAGE_STANDARD = "gnu++0x";
				CLANG_CXX_LIBRARY = "libc++";
				CLANG_ENABLE_MODULES = YES;
				CLANG_ENABLE_OBJC_ARC = YES;
				CLANG_WARN_BOOL_CONVERSION = YES;
				CLANG_WARN_CONSTANT_CONVERSION = YES;
				CLANG_WARN_DIRECT_OBJC_ISA_USAGE = YES_ERROR;
				CLANG_WARN_DOCUMENTATION_COMMENTS = YES;
				CLANG_WARN_EMPTY_BODY = YES;
				CLANG_WARN_ENUM_CONVERSION = YES;
				CLANG_WARN_INFINITE_RECURSION = YES;
				CLANG_WARN_INT_CONVERSION = YES;
				CLANG_WARN_OBJC_ROOT_CLASS = YES_ERROR;
				CLANG_WARN_SUSPICIOUS_MOVE = YES;
				CLANG_WARN_UNREACHABLE_CODE = YES;
				CLANG_WARN__DUPLICATE_METHOD_MATCH = YES;
				"CODE_SIGN_IDENTITY[sdk=iphoneos*]" = "iPhone Developer";
				COPY_PHASE_STRIP = NO;
				DEBUG_INFORMATION_FORMAT = "dwarf-with-dsym";
				ENABLE_NS_ASSERTIONS = NO;
				ENABLE_STRICT_OBJC_MSGSEND = YES;
				GCC_C_LANGUAGE_STANDARD = gnu99;
				GCC_NO_COMMON_BLOCKS = YES;
				GCC_WARN_64_TO_32_BIT_CONVERSION = YES;
				GCC_WARN_ABOUT_RETURN_TYPE = YES_ERROR;
				GCC_WARN_UNDECLARED_SELECTOR = YES;
				GCC_WARN_UNINITIALIZED_AUTOS = YES_AGGRESSIVE;
				GCC_WARN_UNUSED_FUNCTION = YES;
				GCC_WARN_UNUSED_VARIABLE = YES;
				IPHONEOS_DEPLOYMENT_TARGET = 10.3;
				MTL_ENABLE_DEBUG_INFO = NO;
				SDKROOT = iphoneos;
				TARGETED_DEVICE_FAMILY = "1,2";
				VALIDATE_PRODUCT = YES;
			};
			name = Release;
		};
		6F37898A1EAC45C600FF4B35 /* Debug */ = {
			isa = XCBuildConfiguration;
			buildSettings = {
				ASSETCATALOG_COMPILER_APPICON_NAME = AppIcon;
				INFOPLIST_FILE = "Task Explorer/Info.plist";
				LD_RUNPATH_SEARCH_PATHS = "$(inherited) @executable_path/Frameworks";
				PRODUCT_BUNDLE_IDENTIFIER = "hinhtinhthach.Task-Explorer";
				PRODUCT_NAME = "$(TARGET_NAME)";
			};
			name = Debug;
		};
		6F37898B1EAC45C600FF4B35 /* Release */ = {
			isa = XCBuildConfiguration;
			buildSettings = {
				ASSETCATALOG_COMPILER_APPICON_NAME = AppIcon;
				INFOPLIST_FILE = "Task Explorer/Info.plist";
				LD_RUNPATH_SEARCH_PATHS = "$(inherited) @executable_path/Frameworks";
				PRODUCT_BUNDLE_IDENTIFIER = "hinhtinhthach.Task-Explorer";
				PRODUCT_NAME = "$(TARGET_NAME)";
			};
			name = Release;
		};
		6F37898D1EAC45C600FF4B35 /* Debug */ = {
			isa = XCBuildConfiguration;
			buildSettings = {
				BUNDLE_LOADER = "$(TEST_HOST)";
				INFOPLIST_FILE = "Task ExplorerTests/Info.plist";
				LD_RUNPATH_SEARCH_PATHS = "$(inherited) @executable_path/Frameworks @loader_path/Frameworks";
				PRODUCT_BUNDLE_IDENTIFIER = "hinhtinhthach.Task-ExplorerTests";
				PRODUCT_NAME = "$(TARGET_NAME)";
				TEST_HOST = "$(BUILT_PRODUCTS_DIR)/Task Explorer.app/Task Explorer";
			};
			name = Debug;
		};
		6F37898E1EAC45C600FF4B35 /* Release */ = {
			isa = XCBuildConfiguration;
			buildSettings = {
				BUNDLE_LOADER = "$(TEST_HOST)";
				INFOPLIST_FILE = "Task ExplorerTests/Info.plist";
				LD_RUNPATH_SEARCH_PATHS = "$(inherited) @executable_path/Frameworks @loader_path/Frameworks";
				PRODUCT_BUNDLE_IDENTIFIER = "hinhtinhthach.Task-ExplorerTests";
				PRODUCT_NAME = "$(TARGET_NAME)";
				TEST_HOST = "$(BUILT_PRODUCTS_DIR)/Task Explorer.app/Task Explorer";
			};
			name = Release;
		};
		6F3789901EAC45C600FF4B35 /* Debug */ = {
			isa = XCBuildConfiguration;
			buildSettings = {
				INFOPLIST_FILE = "Task ExplorerUITests/Info.plist";
				LD_RUNPATH_SEARCH_PATHS = "$(inherited) @executable_path/Frameworks @loader_path/Frameworks";
				PRODUCT_BUNDLE_IDENTIFIER = "hinhtinhthach.Task-ExplorerUITests";
				PRODUCT_NAME = "$(TARGET_NAME)";
				TEST_TARGET_NAME = "Task Explorer";
			};
			name = Debug;
		};
		6F3789911EAC45C600FF4B35 /* Release */ = {
			isa = XCBuildConfiguration;
			buildSettings = {
				INFOPLIST_FILE = "Task ExplorerUITests/Info.plist";
				LD_RUNPATH_SEARCH_PATHS = "$(inherited) @executable_path/Frameworks @loader_path/Frameworks";
				PRODUCT_BUNDLE_IDENTIFIER = "hinhtinhthach.Task-ExplorerUITests";
				PRODUCT_NAME = "$(TARGET_NAME)";
				TEST_TARGET_NAME = "Task Explorer";
			};
			name = Release;
		};
/* End XCBuildConfiguration section */

/* Begin XCConfigurationList section */
		6F3789571EAC45C600FF4B35 /* Build configuration list for PBXProject "Task Explorer" */ = {
			isa = XCConfigurationList;
			buildConfigurations = (
				6F3789871EAC45C600FF4B35 /* Debug */,
				6F3789881EAC45C600FF4B35 /* Release */,
			);
			defaultConfigurationIsVisible = 0;
			defaultConfigurationName = Release;
		};
		6F3789891EAC45C600FF4B35 /* Build configuration list for PBXNativeTarget "Task Explorer" */ = {
			isa = XCConfigurationList;
			buildConfigurations = (
				6F37898A1EAC45C600FF4B35 /* Debug */,
				6F37898B1EAC45C600FF4B35 /* Release */,
			);
			defaultConfigurationIsVisible = 0;
		};
		6F37898C1EAC45C600FF4B35 /* Build configuration list for PBXNativeTarget "Task ExplorerTests" */ = {
			isa = XCConfigurationList;
			buildConfigurations = (
				6F37898D1EAC45C600FF4B35 /* Debug */,
				6F37898E1EAC45C600FF4B35 /* Release */,
			);
			defaultConfigurationIsVisible = 0;
		};
		6F37898F1EAC45C600FF4B35 /* Build configuration list for PBXNativeTarget "Task ExplorerUITests" */ = {
			isa = XCConfigurationList;
			buildConfigurations = (
				6F3789901EAC45C600FF4B35 /* Debug */,
				6F3789911EAC45C600FF4B35 /* Release */,
			);
			defaultConfigurationIsVisible = 0;
		};
/* End XCConfigurationList section */
	};
	rootObject = 6F3789541EAC45C600FF4B35 /* Project object */;
}
